# This file is autogenerated, do not edit; changes may be undone by the next 'dep ensure'.


[[projects]]
  name = "github.com/Shopify/sarama"
  packages = ["."]
  revision = "35324cf48e33d8260e1c7c18854465a904ade249"
  version = "v1.17.0"

[[projects]]
  name = "github.com/ahmetb/go-linq"
  packages = ["."]
  revision = "7e71c124c1f903df09ca08678f145f68b45d125e"
  version = "v3.0.0"

[[projects]]
  name = "github.com/davecgh/go-spew"
  packages = ["spew"]
  revision = "346938d642f2ec3594ed81d874461961cd0faa76"
  version = "v1.1.0"

[[projects]]
  name = "github.com/eapache/go-resiliency"
  packages = ["breaker"]
  revision = "ea41b0fad31007accc7f806884dcdf3da98b79ce"
  version = "v1.1.0"

[[projects]]
  branch = "master"
  name = "github.com/eapache/go-xerial-snappy"
  packages = ["."]
  revision = "040cc1a32f578808623071247fdbd5cc43f37f5f"

[[projects]]
  name = "github.com/eapache/queue"
  packages = ["."]
  revision = "44cc805cf13205b55f69e14bcb69867d1ae92f98"
  version = "v1.1.0"

[[projects]]
  branch = "master"
  name = "github.com/golang/snappy"
  packages = ["."]
  revision = "2e65f85255dbc3072edf28d6b5b8efc472979f5a"

[[projects]]
  name = "github.com/inconshreveable/mousetrap"
  packages = ["."]
  revision = "76626ae9c91c4f2a10f34cad8ce83ea42c93bb75"
  version = "v1.0"

[[projects]]
  name = "github.com/pierrec/lz4"
  packages = [
    ".",
    "internal/xxh32"
  ]
  revision = "1958fd8fff7f115e79725b1288e0b878b3e06b00"
  version = "v2.0.3"

[[projects]]
  name = "github.com/pkg/errors"
  packages = ["."]
  revision = "645ef00459ed84a119197bfb8d8205042c6df63d"
  version = "v0.8.0"

[[projects]]
  branch = "master"
  name = "github.com/rcrowley/go-metrics"
  packages = ["."]
  revision = "e2704e165165ec55d062f5919b4b29494e9fa790"

[[projects]]
  name = "github.com/spf13/cobra"
  packages = ["."]
  revision = "ef82de70bb3f60c65fb8eebacbb2d122ef517385"
  version = "v0.0.3"

[[projects]]
  name = "github.com/spf13/pflag"
  packages = ["."]
  revision = "583c0c0531f06d5278b7d917446061adc344b5cd"
  version = "v1.0.1"

[solve-meta]
  analyzer-name = "dep"
  analyzer-version = 1
  inputs-digest = "2b00d56462d8616e0a1c6890950b827435295290710148abe3f7a2831d618f29"
  solver-name = "gps-cdcl"
  solver-version = 1
